// !$*UTF8*$!
{
	archiveVersion = 1;
	classes = {
	};
	objectVersion = 46;
	objects = {

/* Begin PBXBuildFile section */
		BB45A00B1D20BB4D002A4B77 /* Social.framework in Frameworks */ = {isa = PBXBuildFile; fileRef = BB45A00A1D20BB4D002A4B77 /* Social.framework */; };
		BB45A00D1D20BB61002A4B77 /* Accounts.framework in Frameworks */ = {isa = PBXBuildFile; fileRef = BB45A00C1D20BB61002A4B77 /* Accounts.framework */; };
		BB45A00F1D20BC58002A4B77 /* Cocoa.framework in Frameworks */ = {isa = PBXBuildFile; fileRef = BB45A00E1D20BC58002A4B77 /* Cocoa.framework */; };
		BB78FF3B1D1D07CA00282A4A /* AppDelegate.m in Sources */ = {isa = PBXBuildFile; fileRef = BB78FF3A1D1D07CA00282A4A /* AppDelegate.m */; };
		BB78FF3E1D1D07CA00282A4A /* main.m in Sources */ = {isa = PBXBuildFile; fileRef = BB78FF3D1D1D07CA00282A4A /* main.m */; };
		BB78FF401D1D07CA00282A4A /* Assets.xcassets in Resources */ = {isa = PBXBuildFile; fileRef = BB78FF3F1D1D07CA00282A4A /* Assets.xcassets */; };
		BB78FF431D1D07CA00282A4A /* MainMenu.xib in Resources */ = {isa = PBXBuildFile; fileRef = BB78FF411D1D07CA00282A4A /* MainMenu.xib */; };
		BB78FF4E1D1D07CA00282A4A /* GitHubSampleTests.m in Sources */ = {isa = PBXBuildFile; fileRef = BB78FF4D1D1D07CA00282A4A /* GitHubSampleTests.m */; };
		BB8444181D22317E000555A0 /* ZipSearchAPI.m in Sources */ = {isa = PBXBuildFile; fileRef = BB8444171D22317E000555A0 /* ZipSearchAPI.m */; };
		BBCFC7191D20E58900C26F59 /* Security.framework in Frameworks */ = {isa = PBXBuildFile; fileRef = BBCFC7181D20E58900C26F59 /* Security.framework */; };
		BBCFC71B1D20E5A000C26F59 /* libxml2.tbd in Frameworks */ = {isa = PBXBuildFile; fileRef = BBCFC71A1D20E5A000C26F59 /* libxml2.tbd */; };
		BBCFC7481D20E9B600C26F59 /* .gitignore in Resources */ = {isa = PBXBuildFile; fileRef = BBCFC71D1D20E9B600C26F59 /* .gitignore */; };
		BBCFC7491D20E9B600C26F59 /* NSMutableURLRequest+Parameters.m in Sources */ = {isa = PBXBuildFile; fileRef = BBCFC7201D20E9B600C26F59 /* NSMutableURLRequest+Parameters.m */; };
		BBCFC74A1D20E9B600C26F59 /* NSString+URLEncoding.m in Sources */ = {isa = PBXBuildFile; fileRef = BBCFC7221D20E9B600C26F59 /* NSString+URLEncoding.m */; };
		BBCFC74B1D20E9B600C26F59 /* NSURL+Base.m in Sources */ = {isa = PBXBuildFile; fileRef = BBCFC7241D20E9B600C26F59 /* NSURL+Base.m */; };
		BBCFC74C1D20E9B600C26F59 /* Base64Transcoder.c in Sources */ = {isa = PBXBuildFile; fileRef = BBCFC7261D20E9B600C26F59 /* Base64Transcoder.c */; };
		BBCFC74D1D20E9B600C26F59 /* hmac.c in Sources */ = {isa = PBXBuildFile; fileRef = BBCFC7281D20E9B600C26F59 /* hmac.c */; };
		BBCFC74E1D20E9B600C26F59 /* sha1.c in Sources */ = {isa = PBXBuildFile; fileRef = BBCFC72A1D20E9B600C26F59 /* sha1.c */; };
		BBCFC74F1D20E9B600C26F59 /* OAAttachment.m in Sources */ = {isa = PBXBuildFile; fileRef = BBCFC72D1D20E9B600C26F59 /* OAAttachment.m */; };
		BBCFC7501D20E9B600C26F59 /* OACall.m in Sources */ = {isa = PBXBuildFile; fileRef = BBCFC72F1D20E9B600C26F59 /* OACall.m */; };
		BBCFC7511D20E9B600C26F59 /* OAConsumer.m in Sources */ = {isa = PBXBuildFile; fileRef = BBCFC7311D20E9B600C26F59 /* OAConsumer.m */; };
		BBCFC7521D20E9B600C26F59 /* OADataFetcher.m in Sources */ = {isa = PBXBuildFile; fileRef = BBCFC7331D20E9B600C26F59 /* OADataFetcher.m */; };
		BBCFC7531D20E9B600C26F59 /* OAHMAC_SHA1SignatureProvider.m in Sources */ = {isa = PBXBuildFile; fileRef = BBCFC7351D20E9B600C26F59 /* OAHMAC_SHA1SignatureProvider.m */; };
		BBCFC7541D20E9B600C26F59 /* OAMutableURLRequest.m in Sources */ = {isa = PBXBuildFile; fileRef = BBCFC7371D20E9B600C26F59 /* OAMutableURLRequest.m */; };
		BBCFC7551D20E9B600C26F59 /* OAPlaintextSignatureProvider.m in Sources */ = {isa = PBXBuildFile; fileRef = BBCFC7391D20E9B600C26F59 /* OAPlaintextSignatureProvider.m */; };
		BBCFC7561D20E9B600C26F59 /* OAProblem.m in Sources */ = {isa = PBXBuildFile; fileRef = BBCFC73B1D20E9B600C26F59 /* OAProblem.m */; };
		BBCFC7571D20E9B600C26F59 /* OARequestParameter.m in Sources */ = {isa = PBXBuildFile; fileRef = BBCFC73D1D20E9B600C26F59 /* OARequestParameter.m */; };
		BBCFC7581D20E9B600C26F59 /* OAServiceTicket.m in Sources */ = {isa = PBXBuildFile; fileRef = BBCFC73F1D20E9B600C26F59 /* OAServiceTicket.m */; };
		BBCFC7591D20E9B600C26F59 /* OATestServer.rb in Resources */ = {isa = PBXBuildFile; fileRef = BBCFC7411D20E9B600C26F59 /* OATestServer.rb */; };
		BBCFC75A1D20E9B600C26F59 /* OAToken.m in Sources */ = {isa = PBXBuildFile; fileRef = BBCFC7431D20E9B600C26F59 /* OAToken.m */; };
		BBCFC75B1D20E9B600C26F59 /* OATokenManager.m in Sources */ = {isa = PBXBuildFile; fileRef = BBCFC7451D20E9B600C26F59 /* OATokenManager.m */; };
		BBCFC75C1D20E9B600C26F59 /* README in Resources */ = {isa = PBXBuildFile; fileRef = BBCFC7471D20E9B600C26F59 /* README */; };
		BBCFC7661D2108A500C26F59 /* MainViewController.m in Sources */ = {isa = PBXBuildFile; fileRef = BBCFC7651D2108A500C26F59 /* MainViewController.m */; };
/* End PBXBuildFile section */

/* Begin PBXContainerItemProxy section */
		BB78FF4A1D1D07CA00282A4A /* PBXContainerItemProxy */ = {
			isa = PBXContainerItemProxy;
			containerPortal = BB78FF2E1D1D07CA00282A4A /* Project object */;
			proxyType = 1;
			remoteGlobalIDString = BB78FF351D1D07CA00282A4A;
			remoteInfo = GitHubSample;
		};
/* End PBXContainerItemProxy section */

/* Begin PBXFileReference section */
		BB45A00A1D20BB4D002A4B77 /* Social.framework */ = {isa = PBXFileReference; lastKnownFileType = wrapper.framework; name = Social.framework; path = System/Library/Frameworks/Social.framework; sourceTree = SDKROOT; };
		BB45A00C1D20BB61002A4B77 /* Accounts.framework */ = {isa = PBXFileReference; lastKnownFileType = wrapper.framework; name = Accounts.framework; path = System/Library/Frameworks/Accounts.framework; sourceTree = SDKROOT; };
		BB45A00E1D20BC58002A4B77 /* Cocoa.framework */ = {isa = PBXFileReference; lastKnownFileType = wrapper.framework; name = Cocoa.framework; path = System/Library/Frameworks/Cocoa.framework; sourceTree = SDKROOT; };
		BB78FF361D1D07CA00282A4A /* GitHubSample.app */ = {isa = PBXFileReference; explicitFileType = wrapper.application; includeInIndex = 0; path = GitHubSample.app; sourceTree = BUILT_PRODUCTS_DIR; };
		BB78FF391D1D07CA00282A4A /* AppDelegate.h */ = {isa = PBXFileReference; lastKnownFileType = sourcecode.c.h; path = AppDelegate.h; sourceTree = "<group>"; };
		BB78FF3A1D1D07CA00282A4A /* AppDelegate.m */ = {isa = PBXFileReference; lastKnownFileType = sourcecode.c.objc; path = AppDelegate.m; sourceTree = "<group>"; };
		BB78FF3D1D1D07CA00282A4A /* main.m */ = {isa = PBXFileReference; lastKnownFileType = sourcecode.c.objc; path = main.m; sourceTree = "<group>"; };
		BB78FF3F1D1D07CA00282A4A /* Assets.xcassets */ = {isa = PBXFileReference; lastKnownFileType = folder.assetcatalog; path = Assets.xcassets; sourceTree = "<group>"; };
		BB78FF421D1D07CA00282A4A /* Base */ = {isa = PBXFileReference; lastKnownFileType = file.xib; name = Base; path = Base.lproj/MainMenu.xib; sourceTree = "<group>"; };
		BB78FF441D1D07CA00282A4A /* Info.plist */ = {isa = PBXFileReference; lastKnownFileType = text.plist.xml; path = Info.plist; sourceTree = "<group>"; };
		BB78FF491D1D07CA00282A4A /* GitHubSampleTests.xctest */ = {isa = PBXFileReference; explicitFileType = wrapper.cfbundle; includeInIndex = 0; path = GitHubSampleTests.xctest; sourceTree = BUILT_PRODUCTS_DIR; };
		BB78FF4D1D1D07CA00282A4A /* GitHubSampleTests.m */ = {isa = PBXFileReference; lastKnownFileType = sourcecode.c.objc; path = GitHubSampleTests.m; sourceTree = "<group>"; };
		BB78FF4F1D1D07CA00282A4A /* Info.plist */ = {isa = PBXFileReference; lastKnownFileType = text.plist.xml; path = Info.plist; sourceTree = "<group>"; };
		BB8444161D22317E000555A0 /* ZipSearchAPI.h */ = {isa = PBXFileReference; fileEncoding = 4; lastKnownFileType = sourcecode.c.h; name = ZipSearchAPI.h; path = Model/ZipSearchAPI.h; sourceTree = "<group>"; };
		BB8444171D22317E000555A0 /* ZipSearchAPI.m */ = {isa = PBXFileReference; fileEncoding = 4; lastKnownFileType = sourcecode.c.objc; name = ZipSearchAPI.m; path = Model/ZipSearchAPI.m; sourceTree = "<group>"; };
		BBCFC7181D20E58900C26F59 /* Security.framework */ = {isa = PBXFileReference; lastKnownFileType = wrapper.framework; name = Security.framework; path = System/Library/Frameworks/Security.framework; sourceTree = SDKROOT; };
		BBCFC71A1D20E5A000C26F59 /* libxml2.tbd */ = {isa = PBXFileReference; lastKnownFileType = "sourcecode.text-based-dylib-definition"; name = libxml2.tbd; path = usr/lib/libxml2.tbd; sourceTree = SDKROOT; };
		BBCFC71D1D20E9B600C26F59 /* .gitignore */ = {isa = PBXFileReference; fileEncoding = 4; lastKnownFileType = text; path = .gitignore; sourceTree = "<group>"; };
		BBCFC71F1D20E9B600C26F59 /* NSMutableURLRequest+Parameters.h */ = {isa = PBXFileReference; fileEncoding = 4; lastKnownFileType = sourcecode.c.h; path = "NSMutableURLRequest+Parameters.h"; sourceTree = "<group>"; };
		BBCFC7201D20E9B600C26F59 /* NSMutableURLRequest+Parameters.m */ = {isa = PBXFileReference; fileEncoding = 4; lastKnownFileType = sourcecode.c.objc; path = "NSMutableURLRequest+Parameters.m"; sourceTree = "<group>"; };
		BBCFC7211D20E9B600C26F59 /* NSString+URLEncoding.h */ = {isa = PBXFileReference; fileEncoding = 4; lastKnownFileType = sourcecode.c.h; path = "NSString+URLEncoding.h"; sourceTree = "<group>"; };
		BBCFC7221D20E9B600C26F59 /* NSString+URLEncoding.m */ = {isa = PBXFileReference; fileEncoding = 4; lastKnownFileType = sourcecode.c.objc; path = "NSString+URLEncoding.m"; sourceTree = "<group>"; };
		BBCFC7231D20E9B600C26F59 /* NSURL+Base.h */ = {isa = PBXFileReference; fileEncoding = 4; lastKnownFileType = sourcecode.c.h; path = "NSURL+Base.h"; sourceTree = "<group>"; };
		BBCFC7241D20E9B600C26F59 /* NSURL+Base.m */ = {isa = PBXFileReference; fileEncoding = 4; lastKnownFileType = sourcecode.c.objc; path = "NSURL+Base.m"; sourceTree = "<group>"; };
		BBCFC7261D20E9B600C26F59 /* Base64Transcoder.c */ = {isa = PBXFileReference; fileEncoding = 4; lastKnownFileType = sourcecode.c.c; path = Base64Transcoder.c; sourceTree = "<group>"; };
		BBCFC7271D20E9B600C26F59 /* Base64Transcoder.h */ = {isa = PBXFileReference; fileEncoding = 4; lastKnownFileType = sourcecode.c.h; path = Base64Transcoder.h; sourceTree = "<group>"; };
		BBCFC7281D20E9B600C26F59 /* hmac.c */ = {isa = PBXFileReference; fileEncoding = 4; lastKnownFileType = sourcecode.c.c; path = hmac.c; sourceTree = "<group>"; };
		BBCFC7291D20E9B600C26F59 /* hmac.h */ = {isa = PBXFileReference; fileEncoding = 4; lastKnownFileType = sourcecode.c.h; path = hmac.h; sourceTree = "<group>"; };
		BBCFC72A1D20E9B600C26F59 /* sha1.c */ = {isa = PBXFileReference; fileEncoding = 4; lastKnownFileType = sourcecode.c.c; path = sha1.c; sourceTree = "<group>"; };
		BBCFC72B1D20E9B600C26F59 /* sha1.h */ = {isa = PBXFileReference; fileEncoding = 4; lastKnownFileType = sourcecode.c.h; path = sha1.h; sourceTree = "<group>"; };
		BBCFC72C1D20E9B600C26F59 /* OAAttachment.h */ = {isa = PBXFileReference; fileEncoding = 4; lastKnownFileType = sourcecode.c.h; path = OAAttachment.h; sourceTree = "<group>"; };
		BBCFC72D1D20E9B600C26F59 /* OAAttachment.m */ = {isa = PBXFileReference; fileEncoding = 4; lastKnownFileType = sourcecode.c.objc; path = OAAttachment.m; sourceTree = "<group>"; };
		BBCFC72E1D20E9B600C26F59 /* OACall.h */ = {isa = PBXFileReference; fileEncoding = 4; lastKnownFileType = sourcecode.c.h; path = OACall.h; sourceTree = "<group>"; };
		BBCFC72F1D20E9B600C26F59 /* OACall.m */ = {isa = PBXFileReference; fileEncoding = 4; lastKnownFileType = sourcecode.c.objc; path = OACall.m; sourceTree = "<group>"; };
		BBCFC7301D20E9B600C26F59 /* OAConsumer.h */ = {isa = PBXFileReference; fileEncoding = 4; lastKnownFileType = sourcecode.c.h; path = OAConsumer.h; sourceTree = "<group>"; };
		BBCFC7311D20E9B600C26F59 /* OAConsumer.m */ = {isa = PBXFileReference; fileEncoding = 4; lastKnownFileType = sourcecode.c.objc; path = OAConsumer.m; sourceTree = "<group>"; };
		BBCFC7321D20E9B600C26F59 /* OADataFetcher.h */ = {isa = PBXFileReference; fileEncoding = 4; lastKnownFileType = sourcecode.c.h; path = OADataFetcher.h; sourceTree = "<group>"; };
		BBCFC7331D20E9B600C26F59 /* OADataFetcher.m */ = {isa = PBXFileReference; fileEncoding = 4; lastKnownFileType = sourcecode.c.objc; path = OADataFetcher.m; sourceTree = "<group>"; };
		BBCFC7341D20E9B600C26F59 /* OAHMAC_SHA1SignatureProvider.h */ = {isa = PBXFileReference; fileEncoding = 4; lastKnownFileType = sourcecode.c.h; path = OAHMAC_SHA1SignatureProvider.h; sourceTree = "<group>"; };
		BBCFC7351D20E9B600C26F59 /* OAHMAC_SHA1SignatureProvider.m */ = {isa = PBXFileReference; fileEncoding = 4; lastKnownFileType = sourcecode.c.objc; path = OAHMAC_SHA1SignatureProvider.m; sourceTree = "<group>"; };
		BBCFC7361D20E9B600C26F59 /* OAMutableURLRequest.h */ = {isa = PBXFileReference; fileEncoding = 4; lastKnownFileType = sourcecode.c.h; path = OAMutableURLRequest.h; sourceTree = "<group>"; };
		BBCFC7371D20E9B600C26F59 /* OAMutableURLRequest.m */ = {isa = PBXFileReference; fileEncoding = 4; lastKnownFileType = sourcecode.c.objc; path = OAMutableURLRequest.m; sourceTree = "<group>"; };
		BBCFC7381D20E9B600C26F59 /* OAPlaintextSignatureProvider.h */ = {isa = PBXFileReference; fileEncoding = 4; lastKnownFileType = sourcecode.c.h; path = OAPlaintextSignatureProvider.h; sourceTree = "<group>"; };
		BBCFC7391D20E9B600C26F59 /* OAPlaintextSignatureProvider.m */ = {isa = PBXFileReference; fileEncoding = 4; lastKnownFileType = sourcecode.c.objc; path = OAPlaintextSignatureProvider.m; sourceTree = "<group>"; };
		BBCFC73A1D20E9B600C26F59 /* OAProblem.h */ = {isa = PBXFileReference; fileEncoding = 4; lastKnownFileType = sourcecode.c.h; path = OAProblem.h; sourceTree = "<group>"; };
		BBCFC73B1D20E9B600C26F59 /* OAProblem.m */ = {isa = PBXFileReference; fileEncoding = 4; lastKnownFileType = sourcecode.c.objc; path = OAProblem.m; sourceTree = "<group>"; };
		BBCFC73C1D20E9B600C26F59 /* OARequestParameter.h */ = {isa = PBXFileReference; fileEncoding = 4; lastKnownFileType = sourcecode.c.h; path = OARequestParameter.h; sourceTree = "<group>"; };
		BBCFC73D1D20E9B600C26F59 /* OARequestParameter.m */ = {isa = PBXFileReference; fileEncoding = 4; lastKnownFileType = sourcecode.c.objc; path = OARequestParameter.m; sourceTree = "<group>"; };
		BBCFC73E1D20E9B600C26F59 /* OAServiceTicket.h */ = {isa = PBXFileReference; fileEncoding = 4; lastKnownFileType = sourcecode.c.h; path = OAServiceTicket.h; sourceTree = "<group>"; };
		BBCFC73F1D20E9B600C26F59 /* OAServiceTicket.m */ = {isa = PBXFileReference; fileEncoding = 4; lastKnownFileType = sourcecode.c.objc; path = OAServiceTicket.m; sourceTree = "<group>"; };
		BBCFC7401D20E9B600C26F59 /* OASignatureProviding.h */ = {isa = PBXFileReference; fileEncoding = 4; lastKnownFileType = sourcecode.c.h; path = OASignatureProviding.h; sourceTree = "<group>"; };
		BBCFC7411D20E9B600C26F59 /* OATestServer.rb */ = {isa = PBXFileReference; fileEncoding = 4; lastKnownFileType = text.script.ruby; path = OATestServer.rb; sourceTree = "<group>"; };
		BBCFC7421D20E9B600C26F59 /* OAToken.h */ = {isa = PBXFileReference; fileEncoding = 4; lastKnownFileType = sourcecode.c.h; path = OAToken.h; sourceTree = "<group>"; };
		BBCFC7431D20E9B600C26F59 /* OAToken.m */ = {isa = PBXFileReference; fileEncoding = 4; lastKnownFileType = sourcecode.c.objc; path = OAToken.m; sourceTree = "<group>"; };
		BBCFC7441D20E9B600C26F59 /* OATokenManager.h */ = {isa = PBXFileReference; fileEncoding = 4; lastKnownFileType = sourcecode.c.h; path = OATokenManager.h; sourceTree = "<group>"; };
		BBCFC7451D20E9B600C26F59 /* OATokenManager.m */ = {isa = PBXFileReference; fileEncoding = 4; lastKnownFileType = sourcecode.c.objc; path = OATokenManager.m; sourceTree = "<group>"; };
		BBCFC7461D20E9B600C26F59 /* OAuthConsumer.h */ = {isa = PBXFileReference; fileEncoding = 4; lastKnownFileType = sourcecode.c.h; path = OAuthConsumer.h; sourceTree = "<group>"; };
		BBCFC7471D20E9B600C26F59 /* README */ = {isa = PBXFileReference; fileEncoding = 4; lastKnownFileType = text; path = README; sourceTree = "<group>"; };
		BBCFC7641D2108A500C26F59 /* MainViewController.h */ = {isa = PBXFileReference; fileEncoding = 4; lastKnownFileType = sourcecode.c.h; name = MainViewController.h; path = Controllers/MainViewController.h; sourceTree = "<group>"; };
		BBCFC7651D2108A500C26F59 /* MainViewController.m */ = {isa = PBXFileReference; fileEncoding = 4; lastKnownFileType = sourcecode.c.objc; name = MainViewController.m; path = Controllers/MainViewController.m; sourceTree = "<group>"; };
/* End PBXFileReference section */

/* Begin PBXFrameworksBuildPhase section */
		BB78FF331D1D07CA00282A4A /* Frameworks */ = {
			isa = PBXFrameworksBuildPhase;
			buildActionMask = 2147483647;
			files = (
				BBCFC71B1D20E5A000C26F59 /* libxml2.tbd in Frameworks */,
				BBCFC7191D20E58900C26F59 /* Security.framework in Frameworks */,
				BB45A00F1D20BC58002A4B77 /* Cocoa.framework in Frameworks */,
				BB45A00D1D20BB61002A4B77 /* Accounts.framework in Frameworks */,
				BB45A00B1D20BB4D002A4B77 /* Social.framework in Frameworks */,
			);
			runOnlyForDeploymentPostprocessing = 0;
		};
		BB78FF461D1D07CA00282A4A /* Frameworks */ = {
			isa = PBXFrameworksBuildPhase;
			buildActionMask = 2147483647;
			files = (
			);
			runOnlyForDeploymentPostprocessing = 0;
		};
/* End PBXFrameworksBuildPhase section */

/* Begin PBXGroup section */
		BB45A0131D20C1DA002A4B77 /* Models */ = {
			isa = PBXGroup;
			children = (
				BB8444161D22317E000555A0 /* ZipSearchAPI.h */,
				BB8444171D22317E000555A0 /* ZipSearchAPI.m */,
			);
			name = Models;
			sourceTree = "<group>";
		};
		BB78FF2D1D1D07CA00282A4A = {
			isa = PBXGroup;
			children = (
				BB78FF381D1D07CA00282A4A /* GitHubSample */,
				BB78FF4C1D1D07CA00282A4A /* GitHubSampleTests */,
				BB78FF371D1D07CA00282A4A /* Products */,
				BBCFC7611D20F77400C26F59 /* Frameworks */,
			);
			sourceTree = "<group>";
		};
		BB78FF371D1D07CA00282A4A /* Products */ = {
			isa = PBXGroup;
			children = (
				BB78FF361D1D07CA00282A4A /* GitHubSample.app */,
				BB78FF491D1D07CA00282A4A /* GitHubSampleTests.xctest */,
			);
			name = Products;
			sourceTree = "<group>";
		};
		BB78FF381D1D07CA00282A4A /* GitHubSample */ = {
			isa = PBXGroup;
			children = (
				BB78FF391D1D07CA00282A4A /* AppDelegate.h */,
				BB78FF3A1D1D07CA00282A4A /* AppDelegate.m */,
				BBCFC7601D20F6FB00C26F59 /* Assets */,
				BBCFC75F1D20E9E800C26F59 /* Libs */,
				BB45A0131D20C1DA002A4B77 /* Models */,
				BBCFC7631D21035400C26F59 /* Controllers */,
				BB78FF3C1D1D07CA00282A4A /* Supporting Files */,
				BB78FF441D1D07CA00282A4A /* Info.plist */,
			);
			path = GitHubSample;
			sourceTree = "<group>";
		};
		BB78FF3C1D1D07CA00282A4A /* Supporting Files */ = {
			isa = PBXGroup;
			children = (
				BB78FF3D1D1D07CA00282A4A /* main.m */,
			);
			name = "Supporting Files";
			sourceTree = "<group>";
		};
		BB78FF4C1D1D07CA00282A4A /* GitHubSampleTests */ = {
			isa = PBXGroup;
			children = (
				BB78FF4D1D1D07CA00282A4A /* GitHubSampleTests.m */,
				BB78FF4F1D1D07CA00282A4A /* Info.plist */,
			);
			path = GitHubSampleTests;
			sourceTree = "<group>";
		};
		BBCFC71C1D20E9B600C26F59 /* oauthconsumer-master */ = {
			isa = PBXGroup;
			children = (
				BBCFC71D1D20E9B600C26F59 /* .gitignore */,
				BBCFC71E1D20E9B600C26F59 /* Categories */,
				BBCFC7251D20E9B600C26F59 /* Crypto */,
				BBCFC72C1D20E9B600C26F59 /* OAAttachment.h */,
				BBCFC72D1D20E9B600C26F59 /* OAAttachment.m */,
				BBCFC72E1D20E9B600C26F59 /* OACall.h */,
				BBCFC72F1D20E9B600C26F59 /* OACall.m */,
				BBCFC7301D20E9B600C26F59 /* OAConsumer.h */,
				BBCFC7311D20E9B600C26F59 /* OAConsumer.m */,
				BBCFC7321D20E9B600C26F59 /* OADataFetcher.h */,
				BBCFC7331D20E9B600C26F59 /* OADataFetcher.m */,
				BBCFC7341D20E9B600C26F59 /* OAHMAC_SHA1SignatureProvider.h */,
				BBCFC7351D20E9B600C26F59 /* OAHMAC_SHA1SignatureProvider.m */,
				BBCFC7361D20E9B600C26F59 /* OAMutableURLRequest.h */,
				BBCFC7371D20E9B600C26F59 /* OAMutableURLRequest.m */,
				BBCFC7381D20E9B600C26F59 /* OAPlaintextSignatureProvider.h */,
				BBCFC7391D20E9B600C26F59 /* OAPlaintextSignatureProvider.m */,
				BBCFC73A1D20E9B600C26F59 /* OAProblem.h */,
				BBCFC73B1D20E9B600C26F59 /* OAProblem.m */,
				BBCFC73C1D20E9B600C26F59 /* OARequestParameter.h */,
				BBCFC73D1D20E9B600C26F59 /* OARequestParameter.m */,
				BBCFC73E1D20E9B600C26F59 /* OAServiceTicket.h */,
				BBCFC73F1D20E9B600C26F59 /* OAServiceTicket.m */,
				BBCFC7401D20E9B600C26F59 /* OASignatureProviding.h */,
				BBCFC7411D20E9B600C26F59 /* OATestServer.rb */,
				BBCFC7421D20E9B600C26F59 /* OAToken.h */,
				BBCFC7431D20E9B600C26F59 /* OAToken.m */,
				BBCFC7441D20E9B600C26F59 /* OATokenManager.h */,
				BBCFC7451D20E9B600C26F59 /* OATokenManager.m */,
				BBCFC7461D20E9B600C26F59 /* OAuthConsumer.h */,
				BBCFC7471D20E9B600C26F59 /* README */,
			);
			path = "oauthconsumer-master";
			sourceTree = "<group>";
		};
		BBCFC71E1D20E9B600C26F59 /* Categories */ = {
			isa = PBXGroup;
			children = (
				BBCFC71F1D20E9B600C26F59 /* NSMutableURLRequest+Parameters.h */,
				BBCFC7201D20E9B600C26F59 /* NSMutableURLRequest+Parameters.m */,
				BBCFC7211D20E9B600C26F59 /* NSString+URLEncoding.h */,
				BBCFC7221D20E9B600C26F59 /* NSString+URLEncoding.m */,
				BBCFC7231D20E9B600C26F59 /* NSURL+Base.h */,
				BBCFC7241D20E9B600C26F59 /* NSURL+Base.m */,
			);
			path = Categories;
			sourceTree = "<group>";
		};
		BBCFC7251D20E9B600C26F59 /* Crypto */ = {
			isa = PBXGroup;
			children = (
				BBCFC7261D20E9B600C26F59 /* Base64Transcoder.c */,
				BBCFC7271D20E9B600C26F59 /* Base64Transcoder.h */,
				BBCFC7281D20E9B600C26F59 /* hmac.c */,
				BBCFC7291D20E9B600C26F59 /* hmac.h */,
				BBCFC72A1D20E9B600C26F59 /* sha1.c */,
				BBCFC72B1D20E9B600C26F59 /* sha1.h */,
			);
			path = Crypto;
			sourceTree = "<group>";
		};
		BBCFC75F1D20E9E800C26F59 /* Libs */ = {
			isa = PBXGroup;
			children = (
				BBCFC71C1D20E9B600C26F59 /* oauthconsumer-master */,
			);
			name = Libs;
			sourceTree = "<group>";
		};
		BBCFC7601D20F6FB00C26F59 /* Assets */ = {
			isa = PBXGroup;
			children = (
				BB78FF3F1D1D07CA00282A4A /* Assets.xcassets */,
				BB78FF411D1D07CA00282A4A /* MainMenu.xib */,
			);
			name = Assets;
			sourceTree = "<group>";
		};
		BBCFC7611D20F77400C26F59 /* Frameworks */ = {
			isa = PBXGroup;
			children = (
				BBCFC71A1D20E5A000C26F59 /* libxml2.tbd */,
				BB45A00A1D20BB4D002A4B77 /* Social.framework */,
				BB45A00C1D20BB61002A4B77 /* Accounts.framework */,
				BB45A00E1D20BC58002A4B77 /* Cocoa.framework */,
				BBCFC7181D20E58900C26F59 /* Security.framework */,
			);
			name = Frameworks;
			sourceTree = "<group>";
		};
		BBCFC7631D21035400C26F59 /* Controllers */ = {
			isa = PBXGroup;
			children = (
				BBCFC7641D2108A500C26F59 /* MainViewController.h */,
				BBCFC7651D2108A500C26F59 /* MainViewController.m */,
			);
			name = Controllers;
			sourceTree = "<group>";
		};
/* End PBXGroup section */

/* Begin PBXNativeTarget section */
		BB78FF351D1D07CA00282A4A /* GitHubSample */ = {
			isa = PBXNativeTarget;
			buildConfigurationList = BB78FF521D1D07CA00282A4A /* Build configuration list for PBXNativeTarget "GitHubSample" */;
			buildPhases = (
				BB78FF321D1D07CA00282A4A /* Sources */,
				BB78FF331D1D07CA00282A4A /* Frameworks */,
				BB78FF341D1D07CA00282A4A /* Resources */,
			);
			buildRules = (
			);
			dependencies = (
			);
			name = GitHubSample;
			productName = GitHubSample;
			productReference = BB78FF361D1D07CA00282A4A /* GitHubSample.app */;
			productType = "com.apple.product-type.application";
		};
		BB78FF481D1D07CA00282A4A /* GitHubSampleTests */ = {
			isa = PBXNativeTarget;
			buildConfigurationList = BB78FF551D1D07CA00282A4A /* Build configuration list for PBXNativeTarget "GitHubSampleTests" */;
			buildPhases = (
				BB78FF451D1D07CA00282A4A /* Sources */,
				BB78FF461D1D07CA00282A4A /* Frameworks */,
				BB78FF471D1D07CA00282A4A /* Resources */,
			);
			buildRules = (
			);
			dependencies = (
				BB78FF4B1D1D07CA00282A4A /* PBXTargetDependency */,
			);
			name = GitHubSampleTests;
			productName = GitHubSampleTests;
			productReference = BB78FF491D1D07CA00282A4A /* GitHubSampleTests.xctest */;
			productType = "com.apple.product-type.bundle.unit-test";
		};
/* End PBXNativeTarget section */

/* Begin PBXProject section */
		BB78FF2E1D1D07CA00282A4A /* Project object */ = {
			isa = PBXProject;
			attributes = {
				LastUpgradeCheck = 0730;
				ORGANIZATIONNAME = SSL;
				TargetAttributes = {
					BB78FF351D1D07CA00282A4A = {
						CreatedOnToolsVersion = 7.3.1;
					};
					BB78FF481D1D07CA00282A4A = {
						CreatedOnToolsVersion = 7.3.1;
						TestTargetID = BB78FF351D1D07CA00282A4A;
					};
				};
			};
			buildConfigurationList = BB78FF311D1D07CA00282A4A /* Build configuration list for PBXProject "GitHubSample" */;
			compatibilityVersion = "Xcode 3.2";
			developmentRegion = English;
			hasScannedForEncodings = 0;
			knownRegions = (
				en,
				Base,
			);
			mainGroup = BB78FF2D1D1D07CA00282A4A;
			productRefGroup = BB78FF371D1D07CA00282A4A /* Products */;
			projectDirPath = "";
			projectRoot = "";
			targets = (
				BB78FF351D1D07CA00282A4A /* GitHubSample */,
				BB78FF481D1D07CA00282A4A /* GitHubSampleTests */,
			);
		};
/* End PBXProject section */

/* Begin PBXResourcesBuildPhase section */
		BB78FF341D1D07CA00282A4A /* Resources */ = {
			isa = PBXResourcesBuildPhase;
			buildActionMask = 2147483647;
			files = (
				BBCFC75C1D20E9B600C26F59 /* README in Resources */,
				BBCFC7591D20E9B600C26F59 /* OATestServer.rb in Resources */,
				BB78FF401D1D07CA00282A4A /* Assets.xcassets in Resources */,
				BBCFC7481D20E9B600C26F59 /* .gitignore in Resources */,
				BB78FF431D1D07CA00282A4A /* MainMenu.xib in Resources */,
			);
			runOnlyForDeploymentPostprocessing = 0;
		};
		BB78FF471D1D07CA00282A4A /* Resources */ = {
			isa = PBXResourcesBuildPhase;
			buildActionMask = 2147483647;
			files = (
			);
			runOnlyForDeploymentPostprocessing = 0;
		};
/* End PBXResourcesBuildPhase section */

/* Begin PBXSourcesBuildPhase section */
		BB78FF321D1D07CA00282A4A /* Sources */ = {
			isa = PBXSourcesBuildPhase;
			buildActionMask = 2147483647;
			files = (
				BBCFC74D1D20E9B600C26F59 /* hmac.c in Sources */,
				BBCFC75A1D20E9B600C26F59 /* OAToken.m in Sources */,
				BBCFC7531D20E9B600C26F59 /* OAHMAC_SHA1SignatureProvider.m in Sources */,
				BBCFC74C1D20E9B600C26F59 /* Base64Transcoder.c in Sources */,
				BBCFC74A1D20E9B600C26F59 /* NSString+URLEncoding.m in Sources */,
				BBCFC7561D20E9B600C26F59 /* OAProblem.m in Sources */,
				BBCFC75B1D20E9B600C26F59 /* OATokenManager.m in Sources */,
				BBCFC7511D20E9B600C26F59 /* OAConsumer.m in Sources */,
				BBCFC74E1D20E9B600C26F59 /* sha1.c in Sources */,
				BBCFC7571D20E9B600C26F59 /* OARequestParameter.m in Sources */,
				BBCFC7501D20E9B600C26F59 /* OACall.m in Sources */,
				BBCFC7661D2108A500C26F59 /* MainViewController.m in Sources */,
				BBCFC74F1D20E9B600C26F59 /* OAAttachment.m in Sources */,
				BB78FF3E1D1D07CA00282A4A /* main.m in Sources */,
				BBCFC7581D20E9B600C26F59 /* OAServiceTicket.m in Sources */,
				BBCFC7541D20E9B600C26F59 /* OAMutableURLRequest.m in Sources */,
				BBCFC7521D20E9B600C26F59 /* OADataFetcher.m in Sources */,
				BBCFC7491D20E9B600C26F59 /* NSMutableURLRequest+Parameters.m in Sources */,
				BB78FF3B1D1D07CA00282A4A /* AppDelegate.m in Sources */,
				BB8444181D22317E000555A0 /* ZipSearchAPI.m in Sources */,
				BBCFC74B1D20E9B600C26F59 /* NSURL+Base.m in Sources */,
				BBCFC7551D20E9B600C26F59 /* OAPlaintextSignatureProvider.m in Sources */,
			);
			runOnlyForDeploymentPostprocessing = 0;
		};
		BB78FF451D1D07CA00282A4A /* Sources */ = {
			isa = PBXSourcesBuildPhase;
			buildActionMask = 2147483647;
			files = (
				BB78FF4E1D1D07CA00282A4A /* GitHubSampleTests.m in Sources */,
			);
			runOnlyForDeploymentPostprocessing = 0;
		};
/* End PBXSourcesBuildPhase section */

/* Begin PBXTargetDependency section */
		BB78FF4B1D1D07CA00282A4A /* PBXTargetDependency */ = {
			isa = PBXTargetDependency;
			target = BB78FF351D1D07CA00282A4A /* GitHubSample */;
			targetProxy = BB78FF4A1D1D07CA00282A4A /* PBXContainerItemProxy */;
		};
/* End PBXTargetDependency section */

/* Begin PBXVariantGroup section */
		BB78FF411D1D07CA00282A4A /* MainMenu.xib */ = {
			isa = PBXVariantGroup;
			children = (
				BB78FF421D1D07CA00282A4A /* Base */,
			);
			name = MainMenu.xib;
			sourceTree = "<group>";
		};
/* End PBXVariantGroup section */

/* Begin XCBuildConfiguration section */
		BB78FF501D1D07CA00282A4A /* Debug */ = {
			isa = XCBuildConfiguration;
			buildSettings = {
				ALWAYS_SEARCH_USER_PATHS = NO;
				CLANG_ANALYZER_NONNULL = YES;
				CLANG_CXX_LANGUAGE_STANDARD = "gnu++0x";
				CLANG_CXX_LIBRARY = "libc++";
				CLANG_ENABLE_MODULES = YES;
				CLANG_ENABLE_OBJC_ARC = YES;
				CLANG_WARN_BOOL_CONVERSION = YES;
				CLANG_WARN_CONSTANT_CONVERSION = YES;
				CLANG_WARN_DIRECT_OBJC_ISA_USAGE = YES_ERROR;
				CLANG_WARN_EMPTY_BODY = YES;
				CLANG_WARN_ENUM_CONVERSION = YES;
				CLANG_WARN_INT_CONVERSION = YES;
				CLANG_WARN_OBJC_ROOT_CLASS = YES_ERROR;
				CLANG_WARN_UNREACHABLE_CODE = YES;
				CLANG_WARN__DUPLICATE_METHOD_MATCH = YES;
				CODE_SIGN_IDENTITY = "-";
				COPY_PHASE_STRIP = NO;
				DEBUG_INFORMATION_FORMAT = dwarf;
				ENABLE_STRICT_OBJC_MSGSEND = YES;
				ENABLE_TESTABILITY = YES;
				GCC_C_LANGUAGE_STANDARD = gnu99;
				GCC_DYNAMIC_NO_PIC = NO;
				GCC_NO_COMMON_BLOCKS = YES;
				GCC_OPTIMIZATION_LEVEL = 0;
				GCC_PREPROCESSOR_DEFINITIONS = (
					"DEBUG=1",
					"$(inherited)",
				);
				GCC_WARN_64_TO_32_BIT_CONVERSION = YES;
				GCC_WARN_ABOUT_RETURN_TYPE = YES_ERROR;
				GCC_WARN_UNDECLARED_SELECTOR = YES;
				GCC_WARN_UNINITIALIZED_AUTOS = YES_AGGRESSIVE;
				GCC_WARN_UNUSED_FUNCTION = YES;
				GCC_WARN_UNUSED_VARIABLE = YES;
				MACOSX_DEPLOYMENT_TARGET = 10.11;
				MTL_ENABLE_DEBUG_INFO = YES;
				ONLY_ACTIVE_ARCH = YES;
				SDKROOT = macosx;
			};
			name = Debug;
		};
		BB78FF511D1D07CA00282A4A /* Release */ = {
			isa = XCBuildConfiguration;
			buildSettings = {
				ALWAYS_SEARCH_USER_PATHS = NO;
				CLANG_ANALYZER_NONNULL = YES;
				CLANG_CXX_LANGUAGE_STANDARD = "gnu++0x";
				CLANG_CXX_LIBRARY = "libc++";
				CLANG_ENABLE_MODULES = YES;
				CLANG_ENABLE_OBJC_ARC = YES;
				CLANG_WARN_BOOL_CONVERSION = YES;
				CLANG_WARN_CONSTANT_CONVERSION = YES;
				CLANG_WARN_DIRECT_OBJC_ISA_USAGE = YES_ERROR;
				CLANG_WARN_EMPTY_BODY = YES;
				CLANG_WARN_ENUM_CONVERSION = YES;
				CLANG_WARN_INT_CONVERSION = YES;
				CLANG_WARN_OBJC_ROOT_CLASS = YES_ERROR;
				CLANG_WARN_UNREACHABLE_CODE = YES;
				CLANG_WARN__DUPLICATE_METHOD_MATCH = YES;
				CODE_SIGN_IDENTITY = "-";
				COPY_PHASE_STRIP = NO;
				DEBUG_INFORMATION_FORMAT = "dwarf-with-dsym";
				ENABLE_NS_ASSERTIONS = NO;
				ENABLE_STRICT_OBJC_MSGSEND = YES;
				GCC_C_LANGUAGE_STANDARD = gnu99;
				GCC_NO_COMMON_BLOCKS = YES;
				GCC_WARN_64_TO_32_BIT_CONVERSION = YES;
				GCC_WARN_ABOUT_RETURN_TYPE = YES_ERROR;
				GCC_WARN_UNDECLARED_SELECTOR = YES;
				GCC_WARN_UNINITIALIZED_AUTOS = YES_AGGRESSIVE;
				GCC_WARN_UNUSED_FUNCTION = YES;
				GCC_WARN_UNUSED_VARIABLE = YES;
				MACOSX_DEPLOYMENT_TARGET = 10.11;
				MTL_ENABLE_DEBUG_INFO = NO;
				SDKROOT = macosx;
			};
			name = Release;
		};
		BB78FF531D1D07CA00282A4A /* Debug */ = {
			isa = XCBuildConfiguration;
			buildSettings = {
				ASSETCATALOG_COMPILER_APPICON_NAME = AppIcon;
				COMBINE_HIDPI_IMAGES = YES;
				HEADER_SEARCH_PATHS = $SDKROOT/usr/include/libxml2;
				INFOPLIST_FILE = GitHubSample/Info.plist;
				LD_RUNPATH_SEARCH_PATHS = "$(inherited) @executable_path/../Frameworks";
				PRODUCT_BUNDLE_IDENTIFIER = com.ssl.GitHubSample;
				PRODUCT_NAME = "$(TARGET_NAME)";
			};
			name = Debug;
		};
		BB78FF541D1D07CA00282A4A /* Release */ = {
			isa = XCBuildConfiguration;
			buildSettings = {
				ASSETCATALOG_COMPILER_APPICON_NAME = AppIcon;
				COMBINE_HIDPI_IMAGES = YES;
				HEADER_SEARCH_PATHS = $SDKROOT/usr/include/libxml2;
				INFOPLIST_FILE = GitHubSample/Info.plist;
				LD_RUNPATH_SEARCH_PATHS = "$(inherited) @executable_path/../Frameworks";
				PRODUCT_BUNDLE_IDENTIFIER = com.ssl.GitHubSample;
				PRODUCT_NAME = "$(TARGET_NAME)";
			};
			name = Release;
		};
		BB78FF561D1D07CA00282A4A /* Debug */ = {
			isa = XCBuildConfiguration;
			buildSettings = {
				BUNDLE_LOADER = "$(TEST_HOST)";
				COMBINE_HIDPI_IMAGES = YES;
				INFOPLIST_FILE = GitHubSampleTests/Info.plist;
				LD_RUNPATH_SEARCH_PATHS = "$(inherited) @executable_path/../Frameworks @loader_path/../Frameworks";
				PRODUCT_BUNDLE_IDENTIFIER = com.ssl.GitHubSampleTests;
				PRODUCT_NAME = "$(TARGET_NAME)";
				TEST_HOST = "$(BUILT_PRODUCTS_DIR)/GitHubSample.app/Contents/MacOS/GitHubSample";
			};
			name = Debug;
		};
		BB78FF571D1D07CA00282A4A /* Release */ = {
			isa = XCBuildConfiguration;
			buildSettings = {
				BUNDLE_LOADER = "$(TEST_HOST)";
				COMBINE_HIDPI_IMAGES = YES;
				INFOPLIST_FILE = GitHubSampleTests/Info.plist;
				LD_RUNPATH_SEARCH_PATHS = "$(inherited) @executable_path/../Frameworks @loader_path/../Frameworks";
				PRODUCT_BUNDLE_IDENTIFIER = com.ssl.GitHubSampleTests;
				PRODUCT_NAME = "$(TARGET_NAME)";
				TEST_HOST = "$(BUILT_PRODUCTS_DIR)/GitHubSample.app/Contents/MacOS/GitHubSample";
			};
			name = Release;
		};
/* End XCBuildConfiguration section */

/* Begin XCConfigurationList section */
		BB78FF311D1D07CA00282A4A /* Build configuration list for PBXProject "GitHubSample" */ = {
			isa = XCConfigurationList;
			buildConfigurations = (
				BB78FF501D1D07CA00282A4A /* Debug */,
				BB78FF511D1D07CA00282A4A /* Release */,
			);
			defaultConfigurationIsVisible = 0;
			defaultConfigurationName = Release;
		};
		BB78FF521D1D07CA00282A4A /* Build configuration list for PBXNativeTarget "GitHubSample" */ = {
			isa = XCConfigurationList;
			buildConfigurations = (
				BB78FF531D1D07CA00282A4A /* Debug */,
				BB78FF541D1D07CA00282A4A /* Release */,
			);
			defaultConfigurationIsVisible = 0;
			defaultConfigurationName = Release;
		};
		BB78FF551D1D07CA00282A4A /* Build configuration list for PBXNativeTarget "GitHubSampleTests" */ = {
			isa = XCConfigurationList;
			buildConfigurations = (
				BB78FF561D1D07CA00282A4A /* Debug */,
				BB78FF571D1D07CA00282A4A /* Release */,
			);
			defaultConfigurationIsVisible = 0;
			defaultConfigurationName = Release;
		};
/* End XCConfigurationList section */
	};
	rootObject = BB78FF2E1D1D07CA00282A4A /* Project object */;
}
